
Microsoft Visual Studio Solution File, Format Version 12.00
# Visual Studio Version 17
VisualStudioVersion = 17.0.31903.59
MinimumVisualStudioVersion = 10.0.40219.1
Project("{FAE04EC0-301F-11D3-BF4B-00C04F79EFBC}") = "EFConfigs", "EFConfigs\EFConfigs.csproj", "{7416B423-E760-4204-B657-DDFF61EE1A9B}"
EndProject
Project("{FAE04EC0-301F-11D3-BF4B-00C04F79EFBC}") = "EFClient", "EFClient\EFClient.csproj", "{147440AA-2890-4265-83A9-D74ADF3E1E39}"
EndProject
Project("{FAE04EC0-301F-11D3-BF4B-00C04F79EFBC}") = "EFDemoOneToMany", "EFDemoOneToMany\EFDemoOneToMany.csproj", "{112F6AD6-8953-42D2-B581-095F59E41047}"
EndProject
Project("{FAE04EC0-301F-11D3-BF4B-00C04F79EFBC}") = "EFDemoSelfRef", "EFDemoSelfRef\EFDemoSelfRef.csproj", "{4D2AEB38-A5AC-4CDF-91B9-B2A60D4F5B63}"
EndProject
Project("{FAE04EC0-301F-11D3-BF4B-00C04F79EFBC}") = "EFDemoOneToOne", "EFDemoOneToOne\EFDemoOneToOne.csproj", "{4DD3880C-3E14-47A3-9149-DD270FABBACA}"
EndProject
Global
	GlobalSection(SolutionConfigurationPlatforms) = preSolution
		Debug|Any CPU = Debug|Any CPU
		Release|Any CPU = Release|Any CPU
	EndGlobalSection
	GlobalSection(SolutionProperties) = preSolution
		HideSolutionNode = FALSE
	EndGlobalSection
	GlobalSection(ProjectConfigurationPlatforms) = postSolution
		{7416B423-E760-4204-B657-DDFF61EE1A9B}.Debug|Any CPU.ActiveCfg = Debug|Any CPU
		{7416B423-E760-4204-B657-DDFF61EE1A9B}.Debug|Any CPU.Build.0 = Debug|Any CPU
		{7416B423-E760-4204-B657-DDFF61EE1A9B}.Release|Any CPU.ActiveCfg = Release|Any CPU
		{7416B423-E760-4204-B657-DDFF61EE1A9B}.Release|Any CPU.Build.0 = Release|Any CPU
		{147440AA-2890-4265-83A9-D74ADF3E1E39}.Debug|Any CPU.ActiveCfg = Debug|Any CPU
		{147440AA-2890-4265-83A9-D74ADF3E1E39}.Debug|Any CPU.Build.0 = Debug|Any CPU
		{147440AA-2890-4265-83A9-D74ADF3E1E39}.Release|Any CPU.ActiveCfg = Release|Any CPU
		{147440AA-2890-4265-83A9-D74ADF3E1E39}.Release|Any CPU.Build.0 = Release|Any CPU
		{112F6AD6-8953-42D2-B581-095F59E41047}.Debug|Any CPU.ActiveCfg = Debug|Any CPU
		{112F6AD6-8953-42D2-B581-095F59E41047}.Debug|Any CPU.Build.0 = Debug|Any CPU
		{112F6AD6-8953-42D2-B581-095F59E41047}.Release|Any CPU.ActiveCfg = Release|Any CPU
		{112F6AD6-8953-42D2-B581-095F59E41047}.Release|Any CPU.Build.0 = Release|Any CPU
		{4D2AEB38-A5AC-4CDF-91B9-B2A60D4F5B63}.Debug|Any CPU.ActiveCfg = Debug|Any CPU
		{4D2AEB38-A5AC-4CDF-91B9-B2A60D4F5B63}.Debug|Any CPU.Build.0 = Debug|Any CPU
		{4D2AEB38-A5AC-4CDF-91B9-B2A60D4F5B63}.Release|Any CPU.ActiveCfg = Release|Any CPU
		{4D2AEB38-A5AC-4CDF-91B9-B2A60D4F5B63}.Release|Any CPU.Build.0 = Release|Any CPU
		{4DD3880C-3E14-47A3-9149-DD270FABBACA}.Debug|Any CPU.ActiveCfg = Debug|Any CPU
		{4DD3880C-3E14-47A3-9149-DD270FABBACA}.Debug|Any CPU.Build.0 = Debug|Any CPU
		{4DD3880C-3E14-47A3-9149-DD270FABBACA}.Release|Any CPU.ActiveCfg = Release|Any CPU
		{4DD3880C-3E14-47A3-9149-DD270FABBACA}.Release|Any CPU.Build.0 = Release|Any CPU
	EndGlobalSection
EndGlobal
