
Microsoft Visual Studio Solution File, Format Version 12.00
# Visual Studio Version 17
VisualStudioVersion = 17.0.31903.59
MinimumVisualStudioVersion = 10.0.40219.1
Project("{FAE04EC0-301F-11D3-BF4B-00C04F79EFBC}") = "WebApi", "WebApi\WebApi.csproj", "{0D408830-ACAA-4EA6-8E5D-593A1B482B45}"
EndProject
Project("{FAE04EC0-301F-11D3-BF4B-00C04F79EFBC}") = "WebApi.test", "WebApi.test\WebApi.test.csproj", "{10E9294F-4621-427D-B13A-8AC29D603B1D}"
EndProject
Global
	GlobalSection(SolutionConfigurationPlatforms) = preSolution
		Debug|Any CPU = Debug|Any CPU
		Release|Any CPU = Release|Any CPU
	EndGlobalSection
	GlobalSection(SolutionProperties) = preSolution
		HideSolutionNode = FALSE
	EndGlobalSection
	GlobalSection(ProjectConfigurationPlatforms) = postSolution
		{0D408830-ACAA-4EA6-8E5D-593A1B482B45}.Debug|Any CPU.ActiveCfg = Debug|Any CPU
		{0D408830-ACAA-4EA6-8E5D-593A1B482B45}.Debug|Any CPU.Build.0 = Debug|Any CPU
		{0D408830-ACAA-4EA6-8E5D-593A1B482B45}.Release|Any CPU.ActiveCfg = Release|Any CPU
		{0D408830-ACAA-4EA6-8E5D-593A1B482B45}.Release|Any CPU.Build.0 = Release|Any CPU
		{10E9294F-4621-427D-B13A-8AC29D603B1D}.Debug|Any CPU.ActiveCfg = Debug|Any CPU
		{10E9294F-4621-427D-B13A-8AC29D603B1D}.Debug|Any CPU.Build.0 = Debug|Any CPU
		{10E9294F-4621-427D-B13A-8AC29D603B1D}.Release|Any CPU.ActiveCfg = Release|Any CPU
		{10E9294F-4621-427D-B13A-8AC29D603B1D}.Release|Any CPU.Build.0 = Release|Any CPU
	EndGlobalSection
EndGlobal
