
Microsoft Visual Studio Solution File, Format Version 12.00
# Visual Studio Version 17
VisualStudioVersion = 17.0.31903.59
MinimumVisualStudioVersion = 10.0.40219.1
Project("{FAE04EC0-301F-11D3-BF4B-00C04F79EFBC}") = "DemoResponseCache", "DemoResponseCache\DemoResponseCache.csproj", "{3504F4E4-A0C5-43F5-8870-DA1072102B14}"
EndProject
Project("{FAE04EC0-301F-11D3-BF4B-00C04F79EFBC}") = "DemoInMemoryCaching", "DemoInMemoryCaching\DemoInMemoryCaching.csproj", "{FE5F8A67-ECA3-460B-80F9-DF5D3219F824}"
EndProject
Global
	GlobalSection(SolutionConfigurationPlatforms) = preSolution
		Debug|Any CPU = Debug|Any CPU
		Release|Any CPU = Release|Any CPU
	EndGlobalSection
	GlobalSection(SolutionProperties) = preSolution
		HideSolutionNode = FALSE
	EndGlobalSection
	GlobalSection(ProjectConfigurationPlatforms) = postSolution
		{3504F4E4-A0C5-43F5-8870-DA1072102B14}.Debug|Any CPU.ActiveCfg = Debug|Any CPU
		{3504F4E4-A0C5-43F5-8870-DA1072102B14}.Debug|Any CPU.Build.0 = Debug|Any CPU
		{3504F4E4-A0C5-43F5-8870-DA1072102B14}.Release|Any CPU.ActiveCfg = Release|Any CPU
		{3504F4E4-A0C5-43F5-8870-DA1072102B14}.Release|Any CPU.Build.0 = Release|Any CPU
		{FE5F8A67-ECA3-460B-80F9-DF5D3219F824}.Debug|Any CPU.ActiveCfg = Debug|Any CPU
		{FE5F8A67-ECA3-460B-80F9-DF5D3219F824}.Debug|Any CPU.Build.0 = Debug|Any CPU
		{FE5F8A67-ECA3-460B-80F9-DF5D3219F824}.Release|Any CPU.ActiveCfg = Release|Any CPU
		{FE5F8A67-ECA3-460B-80F9-DF5D3219F824}.Release|Any CPU.Build.0 = Release|Any CPU
	EndGlobalSection
EndGlobal
