
Microsoft Visual Studio Solution File, Format Version 12.00
# Visual Studio Version 17
VisualStudioVersion = 17.0.31903.59
MinimumVisualStudioVersion = 10.0.40219.1
Project("{FAE04EC0-301F-11D3-BF4B-00C04F79EFBC}") = "PrimeService", "PrimeService\PrimeService.csproj", "{EB8CBFCB-6DC0-4975-8D0C-8D0E2CD4C834}"
EndProject
Project("{FAE04EC0-301F-11D3-BF4B-00C04F79EFBC}") = "PrimeService.Tests", "PrimeService.Tests\PrimeService.Tests.csproj", "{4D714909-B99A-436B-9B3D-9EFA5F916680}"
EndProject
Global
	GlobalSection(SolutionConfigurationPlatforms) = preSolution
		Debug|Any CPU = Debug|Any CPU
		Release|Any CPU = Release|Any CPU
	EndGlobalSection
	GlobalSection(SolutionProperties) = preSolution
		HideSolutionNode = FALSE
	EndGlobalSection
	GlobalSection(ProjectConfigurationPlatforms) = postSolution
		{EB8CBFCB-6DC0-4975-8D0C-8D0E2CD4C834}.Debug|Any CPU.ActiveCfg = Debug|Any CPU
		{EB8CBFCB-6DC0-4975-8D0C-8D0E2CD4C834}.Debug|Any CPU.Build.0 = Debug|Any CPU
		{EB8CBFCB-6DC0-4975-8D0C-8D0E2CD4C834}.Release|Any CPU.ActiveCfg = Release|Any CPU
		{EB8CBFCB-6DC0-4975-8D0C-8D0E2CD4C834}.Release|Any CPU.Build.0 = Release|Any CPU
		{4D714909-B99A-436B-9B3D-9EFA5F916680}.Debug|Any CPU.ActiveCfg = Debug|Any CPU
		{4D714909-B99A-436B-9B3D-9EFA5F916680}.Debug|Any CPU.Build.0 = Debug|Any CPU
		{4D714909-B99A-436B-9B3D-9EFA5F916680}.Release|Any CPU.ActiveCfg = Release|Any CPU
		{4D714909-B99A-436B-9B3D-9EFA5F916680}.Release|Any CPU.Build.0 = Release|Any CPU
	EndGlobalSection
EndGlobal
