
Microsoft Visual Studio Solution File, Format Version 12.00
# Visual Studio Version 17
VisualStudioVersion = 17.5.002.0
MinimumVisualStudioVersion = 10.0.40219.1
Project("{9A19103F-16F7-4668-BE54-9A1E7A4F7556}") = "02_second_lambda", "02_second_lambda.csproj", "{F3661A67-7316-44AB-B928-27E888360983}"
EndProject
Global
	GlobalSection(SolutionConfigurationPlatforms) = preSolution
		Debug|Any CPU = Debug|Any CPU
		Release|Any CPU = Release|Any CPU
	EndGlobalSection
	GlobalSection(ProjectConfigurationPlatforms) = postSolution
		{F3661A67-7316-44AB-B928-27E888360983}.Debug|Any CPU.ActiveCfg = Debug|Any CPU
		{F3661A67-7316-44AB-B928-27E888360983}.Debug|Any CPU.Build.0 = Debug|Any CPU
		{F3661A67-7316-44AB-B928-27E888360983}.Release|Any CPU.ActiveCfg = Release|Any CPU
		{F3661A67-7316-44AB-B928-27E888360983}.Release|Any CPU.Build.0 = Release|Any CPU
	EndGlobalSection
	GlobalSection(SolutionProperties) = preSolution
		HideSolutionNode = FALSE
	EndGlobalSection
	GlobalSection(ExtensibilityGlobals) = postSolution
		SolutionGuid = {1A7C89B0-B24E-4253-B484-5179015F1032}
	EndGlobalSection
EndGlobal
