
Microsoft Visual Studio Solution File, Format Version 12.00
# Visual Studio Version 17
VisualStudioVersion = 17.0.31903.59
MinimumVisualStudioVersion = 10.0.40219.1
Project("{FAE04EC0-301F-11D3-BF4B-00C04F79EFBC}") = "ExceptionFilter", "ExceptionFilter\ExceptionFilter.csproj", "{F5379DD0-3715-4E59-AC56-628F036491A8}"
EndProject
Project("{FAE04EC0-301F-11D3-BF4B-00C04F79EFBC}") = "ActionFilter", "ActionFilter\ActionFilter.csproj", "{FCCF14AD-39AC-4990-BAC7-5AE8A762A3BF}"
EndProject
Project("{FAE04EC0-301F-11D3-BF4B-00C04F79EFBC}") = "ActionFilterUseCase_AutoTransaction", "ActionFilterUseCase_AutoTransaction\ActionFilterUseCase_AutoTransaction.csproj", "{5FB453BD-1627-40FB-8F1E-0CDC0DA7CDA7}"
EndProject
Project("{FAE04EC0-301F-11D3-BF4B-00C04F79EFBC}") = "ActionFilterUseCase_RequestThrottle", "ActionFilterUseCase_RequestThrottle\ActionFilterUseCase_RequestThrottle.csproj", "{968DBFD8-F113-40A2-AB2D-CAFC2CFD8566}"
EndProject
Global
	GlobalSection(SolutionConfigurationPlatforms) = preSolution
		Debug|Any CPU = Debug|Any CPU
		Release|Any CPU = Release|Any CPU
	EndGlobalSection
	GlobalSection(SolutionProperties) = preSolution
		HideSolutionNode = FALSE
	EndGlobalSection
	GlobalSection(ProjectConfigurationPlatforms) = postSolution
		{F5379DD0-3715-4E59-AC56-628F036491A8}.Debug|Any CPU.ActiveCfg = Debug|Any CPU
		{F5379DD0-3715-4E59-AC56-628F036491A8}.Debug|Any CPU.Build.0 = Debug|Any CPU
		{F5379DD0-3715-4E59-AC56-628F036491A8}.Release|Any CPU.ActiveCfg = Release|Any CPU
		{F5379DD0-3715-4E59-AC56-628F036491A8}.Release|Any CPU.Build.0 = Release|Any CPU
		{FCCF14AD-39AC-4990-BAC7-5AE8A762A3BF}.Debug|Any CPU.ActiveCfg = Debug|Any CPU
		{FCCF14AD-39AC-4990-BAC7-5AE8A762A3BF}.Debug|Any CPU.Build.0 = Debug|Any CPU
		{FCCF14AD-39AC-4990-BAC7-5AE8A762A3BF}.Release|Any CPU.ActiveCfg = Release|Any CPU
		{FCCF14AD-39AC-4990-BAC7-5AE8A762A3BF}.Release|Any CPU.Build.0 = Release|Any CPU
		{5FB453BD-1627-40FB-8F1E-0CDC0DA7CDA7}.Debug|Any CPU.ActiveCfg = Debug|Any CPU
		{5FB453BD-1627-40FB-8F1E-0CDC0DA7CDA7}.Debug|Any CPU.Build.0 = Debug|Any CPU
		{5FB453BD-1627-40FB-8F1E-0CDC0DA7CDA7}.Release|Any CPU.ActiveCfg = Release|Any CPU
		{5FB453BD-1627-40FB-8F1E-0CDC0DA7CDA7}.Release|Any CPU.Build.0 = Release|Any CPU
		{968DBFD8-F113-40A2-AB2D-CAFC2CFD8566}.Debug|Any CPU.ActiveCfg = Debug|Any CPU
		{968DBFD8-F113-40A2-AB2D-CAFC2CFD8566}.Debug|Any CPU.Build.0 = Debug|Any CPU
		{968DBFD8-F113-40A2-AB2D-CAFC2CFD8566}.Release|Any CPU.ActiveCfg = Release|Any CPU
		{968DBFD8-F113-40A2-AB2D-CAFC2CFD8566}.Release|Any CPU.Build.0 = Release|Any CPU
	EndGlobalSection
EndGlobal
