
Microsoft Visual Studio Solution File, Format Version 12.00
# Visual Studio Version 17
VisualStudioVersion = 17.0.31903.59
MinimumVisualStudioVersion = 10.0.40219.1
Project("{FAE04EC0-301F-11D3-BF4B-00C04F79EFBC}") = "creational_01_singleton_basics", "creational_01_singleton_basics\creational_01_singleton_basics.csproj", "{3B4137FF-17F9-4AE1-A50F-AF5C6C851245}"
EndProject
Project("{FAE04EC0-301F-11D3-BF4B-00C04F79EFBC}") = "creational_02_abstract_factory_basics", "creational_02_abstract_factory_basics\creational_02_abstract_factory_basics.csproj", "{9D075A63-000D-4685-A936-B5CBA489335E}"
EndProject
Project("{FAE04EC0-301F-11D3-BF4B-00C04F79EFBC}") = "creational_03_builder_basics", "creational_03_builder_basics\creational_03_builder_basics.csproj", "{9A5F6989-F6F8-4BDE-9EA0-B40497EADF10}"
EndProject
Project("{FAE04EC0-301F-11D3-BF4B-00C04F79EFBC}") = "creational_04_factory_method", "creational_04_factory_method_basics\creational_04_factory_method.csproj", "{8E48D738-9614-4F15-993C-8A502E757336}"
EndProject
Project("{FAE04EC0-301F-11D3-BF4B-00C04F79EFBC}") = "creational_05_prototype_basics", "creational_05_prototype_basics\creational_05_prototype_basics.csproj", "{762F8F19-D2E6-4B64-A0A4-719670A39D40}"
EndProject
Project("{FAE04EC0-301F-11D3-BF4B-00C04F79EFBC}") = "structural_06_Adapter_basics", "structural_06_Adapter_basics\structural_06_Adapter_basics.csproj", "{27F1E8E6-E94B-41A3-97DB-3E8980062A73}"
EndProject
Project("{FAE04EC0-301F-11D3-BF4B-00C04F79EFBC}") = "structural_07_bridge_basics", "structural_07_bridge_basics\structural_07_bridge_basics.csproj", "{78AE3A91-01E3-461A-9F35-2CB6C5D84C56}"
EndProject
Project("{FAE04EC0-301F-11D3-BF4B-00C04F79EFBC}") = "structural_08_composite_basics", "structural_08_composite_basics\structural_08_composite_basics.csproj", "{4A32C5EF-A73E-45BC-BDB9-DDBBDB35C18F}"
EndProject
Project("{FAE04EC0-301F-11D3-BF4B-00C04F79EFBC}") = "structural_09_decorator_basics", "structural_09_decorator_basics\structural_09_decorator_basics.csproj", "{D5CD5351-E5A5-4BDA-8681-75062440AAA0}"
EndProject
Project("{FAE04EC0-301F-11D3-BF4B-00C04F79EFBC}") = "structural_10_facade_basics", "structural_10_facade_basics\structural_10_facade_basics.csproj", "{3E21F82D-4570-4E6B-A32E-DB76490632D5}"
EndProject
Project("{FAE04EC0-301F-11D3-BF4B-00C04F79EFBC}") = "structural_11_flyweight_basics", "structural_11_flyweight_basics\structural_11_flyweight_basics.csproj", "{DB99B598-C3EF-4C27-9A35-5B982C0BF3BC}"
EndProject
Project("{FAE04EC0-301F-11D3-BF4B-00C04F79EFBC}") = "structural_12_proxy_basics", "structural_12_proxy_basics\structural_12_proxy_basics.csproj", "{78167888-A4A9-4A28-B9A2-098F175DA509}"
EndProject
Project("{FAE04EC0-301F-11D3-BF4B-00C04F79EFBC}") = "behavioral_13_template_method_basics", "behavioral_13_template_method_basics\behavioral_13_template_method_basics.csproj", "{61845B4E-14D8-4EE4-86C9-8C8167C7E55E}"
EndProject
Global
	GlobalSection(SolutionConfigurationPlatforms) = preSolution
		Debug|Any CPU = Debug|Any CPU
		Release|Any CPU = Release|Any CPU
	EndGlobalSection
	GlobalSection(SolutionProperties) = preSolution
		HideSolutionNode = FALSE
	EndGlobalSection
	GlobalSection(ProjectConfigurationPlatforms) = postSolution
		{3B4137FF-17F9-4AE1-A50F-AF5C6C851245}.Debug|Any CPU.ActiveCfg = Debug|Any CPU
		{3B4137FF-17F9-4AE1-A50F-AF5C6C851245}.Debug|Any CPU.Build.0 = Debug|Any CPU
		{3B4137FF-17F9-4AE1-A50F-AF5C6C851245}.Release|Any CPU.ActiveCfg = Release|Any CPU
		{3B4137FF-17F9-4AE1-A50F-AF5C6C851245}.Release|Any CPU.Build.0 = Release|Any CPU
		{9D075A63-000D-4685-A936-B5CBA489335E}.Debug|Any CPU.ActiveCfg = Debug|Any CPU
		{9D075A63-000D-4685-A936-B5CBA489335E}.Debug|Any CPU.Build.0 = Debug|Any CPU
		{9D075A63-000D-4685-A936-B5CBA489335E}.Release|Any CPU.ActiveCfg = Release|Any CPU
		{9D075A63-000D-4685-A936-B5CBA489335E}.Release|Any CPU.Build.0 = Release|Any CPU
		{9A5F6989-F6F8-4BDE-9EA0-B40497EADF10}.Debug|Any CPU.ActiveCfg = Debug|Any CPU
		{9A5F6989-F6F8-4BDE-9EA0-B40497EADF10}.Debug|Any CPU.Build.0 = Debug|Any CPU
		{9A5F6989-F6F8-4BDE-9EA0-B40497EADF10}.Release|Any CPU.ActiveCfg = Release|Any CPU
		{9A5F6989-F6F8-4BDE-9EA0-B40497EADF10}.Release|Any CPU.Build.0 = Release|Any CPU
		{8E48D738-9614-4F15-993C-8A502E757336}.Debug|Any CPU.ActiveCfg = Debug|Any CPU
		{8E48D738-9614-4F15-993C-8A502E757336}.Debug|Any CPU.Build.0 = Debug|Any CPU
		{8E48D738-9614-4F15-993C-8A502E757336}.Release|Any CPU.ActiveCfg = Release|Any CPU
		{8E48D738-9614-4F15-993C-8A502E757336}.Release|Any CPU.Build.0 = Release|Any CPU
		{762F8F19-D2E6-4B64-A0A4-719670A39D40}.Debug|Any CPU.ActiveCfg = Debug|Any CPU
		{762F8F19-D2E6-4B64-A0A4-719670A39D40}.Debug|Any CPU.Build.0 = Debug|Any CPU
		{762F8F19-D2E6-4B64-A0A4-719670A39D40}.Release|Any CPU.ActiveCfg = Release|Any CPU
		{762F8F19-D2E6-4B64-A0A4-719670A39D40}.Release|Any CPU.Build.0 = Release|Any CPU
		{27F1E8E6-E94B-41A3-97DB-3E8980062A73}.Debug|Any CPU.ActiveCfg = Debug|Any CPU
		{27F1E8E6-E94B-41A3-97DB-3E8980062A73}.Debug|Any CPU.Build.0 = Debug|Any CPU
		{27F1E8E6-E94B-41A3-97DB-3E8980062A73}.Release|Any CPU.ActiveCfg = Release|Any CPU
		{27F1E8E6-E94B-41A3-97DB-3E8980062A73}.Release|Any CPU.Build.0 = Release|Any CPU
		{78AE3A91-01E3-461A-9F35-2CB6C5D84C56}.Debug|Any CPU.ActiveCfg = Debug|Any CPU
		{78AE3A91-01E3-461A-9F35-2CB6C5D84C56}.Debug|Any CPU.Build.0 = Debug|Any CPU
		{78AE3A91-01E3-461A-9F35-2CB6C5D84C56}.Release|Any CPU.ActiveCfg = Release|Any CPU
		{78AE3A91-01E3-461A-9F35-2CB6C5D84C56}.Release|Any CPU.Build.0 = Release|Any CPU
		{4A32C5EF-A73E-45BC-BDB9-DDBBDB35C18F}.Debug|Any CPU.ActiveCfg = Debug|Any CPU
		{4A32C5EF-A73E-45BC-BDB9-DDBBDB35C18F}.Debug|Any CPU.Build.0 = Debug|Any CPU
		{4A32C5EF-A73E-45BC-BDB9-DDBBDB35C18F}.Release|Any CPU.ActiveCfg = Release|Any CPU
		{4A32C5EF-A73E-45BC-BDB9-DDBBDB35C18F}.Release|Any CPU.Build.0 = Release|Any CPU
		{D5CD5351-E5A5-4BDA-8681-75062440AAA0}.Debug|Any CPU.ActiveCfg = Debug|Any CPU
		{D5CD5351-E5A5-4BDA-8681-75062440AAA0}.Debug|Any CPU.Build.0 = Debug|Any CPU
		{D5CD5351-E5A5-4BDA-8681-75062440AAA0}.Release|Any CPU.ActiveCfg = Release|Any CPU
		{D5CD5351-E5A5-4BDA-8681-75062440AAA0}.Release|Any CPU.Build.0 = Release|Any CPU
		{3E21F82D-4570-4E6B-A32E-DB76490632D5}.Debug|Any CPU.ActiveCfg = Debug|Any CPU
		{3E21F82D-4570-4E6B-A32E-DB76490632D5}.Debug|Any CPU.Build.0 = Debug|Any CPU
		{3E21F82D-4570-4E6B-A32E-DB76490632D5}.Release|Any CPU.ActiveCfg = Release|Any CPU
		{3E21F82D-4570-4E6B-A32E-DB76490632D5}.Release|Any CPU.Build.0 = Release|Any CPU
		{DB99B598-C3EF-4C27-9A35-5B982C0BF3BC}.Debug|Any CPU.ActiveCfg = Debug|Any CPU
		{DB99B598-C3EF-4C27-9A35-5B982C0BF3BC}.Debug|Any CPU.Build.0 = Debug|Any CPU
		{DB99B598-C3EF-4C27-9A35-5B982C0BF3BC}.Release|Any CPU.ActiveCfg = Release|Any CPU
		{DB99B598-C3EF-4C27-9A35-5B982C0BF3BC}.Release|Any CPU.Build.0 = Release|Any CPU
		{78167888-A4A9-4A28-B9A2-098F175DA509}.Debug|Any CPU.ActiveCfg = Debug|Any CPU
		{78167888-A4A9-4A28-B9A2-098F175DA509}.Debug|Any CPU.Build.0 = Debug|Any CPU
		{78167888-A4A9-4A28-B9A2-098F175DA509}.Release|Any CPU.ActiveCfg = Release|Any CPU
		{78167888-A4A9-4A28-B9A2-098F175DA509}.Release|Any CPU.Build.0 = Release|Any CPU
		{61845B4E-14D8-4EE4-86C9-8C8167C7E55E}.Debug|Any CPU.ActiveCfg = Debug|Any CPU
		{61845B4E-14D8-4EE4-86C9-8C8167C7E55E}.Debug|Any CPU.Build.0 = Debug|Any CPU
		{61845B4E-14D8-4EE4-86C9-8C8167C7E55E}.Release|Any CPU.ActiveCfg = Release|Any CPU
		{61845B4E-14D8-4EE4-86C9-8C8167C7E55E}.Release|Any CPU.Build.0 = Release|Any CPU
	EndGlobalSection
EndGlobal
