
Microsoft Visual Studio Solution File, Format Version 12.00
# Visual Studio Version 17
VisualStudioVersion = 17.0.31903.59
MinimumVisualStudioVersion = 10.0.40219.1
Project("{FAE04EC0-301F-11D3-BF4B-00C04F79EFBC}") = "01_HostedServiceBasic", "01_HostedServiceBasic\01_HostedServiceBasic.csproj", "{EAD57136-B713-44A7-A6A1-CB021AF23634}"
EndProject
Global
	GlobalSection(SolutionConfigurationPlatforms) = preSolution
		Debug|Any CPU = Debug|Any CPU
		Release|Any CPU = Release|Any CPU
	EndGlobalSection
	GlobalSection(SolutionProperties) = preSolution
		HideSolutionNode = FALSE
	EndGlobalSection
	GlobalSection(ProjectConfigurationPlatforms) = postSolution
		{EAD57136-B713-44A7-A6A1-CB021AF23634}.Debug|Any CPU.ActiveCfg = Debug|Any CPU
		{EAD57136-B713-44A7-A6A1-CB021AF23634}.Debug|Any CPU.Build.0 = Debug|Any CPU
		{EAD57136-B713-44A7-A6A1-CB021AF23634}.Release|Any CPU.ActiveCfg = Release|Any CPU
		{EAD57136-B713-44A7-A6A1-CB021AF23634}.Release|Any CPU.Build.0 = Release|Any CPU
	EndGlobalSection
EndGlobal
