
Microsoft Visual Studio Solution File, Format Version 12.00
# Visual Studio Version 17
VisualStudioVersion = 17.0.31903.59
MinimumVisualStudioVersion = 10.0.40219.1
Project("{FAE04EC0-301F-11D3-BF4B-00C04F79EFBC}") = "json-config", "json-config\json-config.csproj", "{E3DC1B7E-0E43-4CD5-BCBE-1AC6F785A3B2}"
EndProject
Project("{FAE04EC0-301F-11D3-BF4B-00C04F79EFBC}") = "json-config-DI", "json-config-DI\json-config-DI.csproj", "{68CBC6E6-4AA0-40D0-BB50-50981C16D0AA}"
EndProject
Project("{FAE04EC0-301F-11D3-BF4B-00C04F79EFBC}") = "commandline-config", "commandline-config\commandline-config.csproj", "{8434668D-E6CD-49B5-B7B3-A559FD4D8B78}"
EndProject
Project("{FAE04EC0-301F-11D3-BF4B-00C04F79EFBC}") = "env-var-config", "env-var-config\env-var-config.csproj", "{ED2F2F5E-DB64-4BF7-8B16-264ADB89A105}"
EndProject
Project("{FAE04EC0-301F-11D3-BF4B-00C04F79EFBC}") = "reinvent-wheel-basic", "reinvent-wheel-basic\reinvent-wheel-basic.csproj", "{A32920DB-41A4-438E-94A9-7C8AE542BCBB}"
EndProject
Global
	GlobalSection(SolutionConfigurationPlatforms) = preSolution
		Debug|Any CPU = Debug|Any CPU
		Release|Any CPU = Release|Any CPU
	EndGlobalSection
	GlobalSection(SolutionProperties) = preSolution
		HideSolutionNode = FALSE
	EndGlobalSection
	GlobalSection(ProjectConfigurationPlatforms) = postSolution
		{E3DC1B7E-0E43-4CD5-BCBE-1AC6F785A3B2}.Debug|Any CPU.ActiveCfg = Debug|Any CPU
		{E3DC1B7E-0E43-4CD5-BCBE-1AC6F785A3B2}.Debug|Any CPU.Build.0 = Debug|Any CPU
		{E3DC1B7E-0E43-4CD5-BCBE-1AC6F785A3B2}.Release|Any CPU.ActiveCfg = Release|Any CPU
		{E3DC1B7E-0E43-4CD5-BCBE-1AC6F785A3B2}.Release|Any CPU.Build.0 = Release|Any CPU
		{68CBC6E6-4AA0-40D0-BB50-50981C16D0AA}.Debug|Any CPU.ActiveCfg = Debug|Any CPU
		{68CBC6E6-4AA0-40D0-BB50-50981C16D0AA}.Debug|Any CPU.Build.0 = Debug|Any CPU
		{68CBC6E6-4AA0-40D0-BB50-50981C16D0AA}.Release|Any CPU.ActiveCfg = Release|Any CPU
		{68CBC6E6-4AA0-40D0-BB50-50981C16D0AA}.Release|Any CPU.Build.0 = Release|Any CPU
		{8434668D-E6CD-49B5-B7B3-A559FD4D8B78}.Debug|Any CPU.ActiveCfg = Debug|Any CPU
		{8434668D-E6CD-49B5-B7B3-A559FD4D8B78}.Debug|Any CPU.Build.0 = Debug|Any CPU
		{8434668D-E6CD-49B5-B7B3-A559FD4D8B78}.Release|Any CPU.ActiveCfg = Release|Any CPU
		{8434668D-E6CD-49B5-B7B3-A559FD4D8B78}.Release|Any CPU.Build.0 = Release|Any CPU
		{ED2F2F5E-DB64-4BF7-8B16-264ADB89A105}.Debug|Any CPU.ActiveCfg = Debug|Any CPU
		{ED2F2F5E-DB64-4BF7-8B16-264ADB89A105}.Debug|Any CPU.Build.0 = Debug|Any CPU
		{ED2F2F5E-DB64-4BF7-8B16-264ADB89A105}.Release|Any CPU.ActiveCfg = Release|Any CPU
		{ED2F2F5E-DB64-4BF7-8B16-264ADB89A105}.Release|Any CPU.Build.0 = Release|Any CPU
		{A32920DB-41A4-438E-94A9-7C8AE542BCBB}.Debug|Any CPU.ActiveCfg = Debug|Any CPU
		{A32920DB-41A4-438E-94A9-7C8AE542BCBB}.Debug|Any CPU.Build.0 = Debug|Any CPU
		{A32920DB-41A4-438E-94A9-7C8AE542BCBB}.Release|Any CPU.ActiveCfg = Release|Any CPU
		{A32920DB-41A4-438E-94A9-7C8AE542BCBB}.Release|Any CPU.Build.0 = Release|Any CPU
	EndGlobalSection
EndGlobal
