
Microsoft Visual Studio Solution File, Format Version 12.00
# Visual Studio Version 17
VisualStudioVersion = 17.5.002.0
MinimumVisualStudioVersion = 10.0.40219.1
Project("{9A19103F-16F7-4668-BE54-9A1E7A4F7556}") = "03_v25_webapp_identity", "03_v25_webapp_identity.csproj", "{F46B206C-2C68-434D-9EC4-EA01B532B4FD}"
EndProject
Global
	GlobalSection(SolutionConfigurationPlatforms) = preSolution
		Debug|Any CPU = Debug|Any CPU
		Release|Any CPU = Release|Any CPU
	EndGlobalSection
	GlobalSection(ProjectConfigurationPlatforms) = postSolution
		{F46B206C-2C68-434D-9EC4-EA01B532B4FD}.Debug|Any CPU.ActiveCfg = Debug|Any CPU
		{F46B206C-2C68-434D-9EC4-EA01B532B4FD}.Debug|Any CPU.Build.0 = Debug|Any CPU
		{F46B206C-2C68-434D-9EC4-EA01B532B4FD}.Release|Any CPU.ActiveCfg = Release|Any CPU
		{F46B206C-2C68-434D-9EC4-EA01B532B4FD}.Release|Any CPU.Build.0 = Release|Any CPU
	EndGlobalSection
	GlobalSection(SolutionProperties) = preSolution
		HideSolutionNode = FALSE
	EndGlobalSection
	GlobalSection(ExtensibilityGlobals) = postSolution
		SolutionGuid = {AC4F6551-9FAD-4C66-B956-B4EF34AD2C2F}
	EndGlobalSection
EndGlobal
